
Microsoft Visual Studio Solution File, Format Version 12.00
# Visual Studio Version 16
VisualStudioVersion = 16.0.32802.440
MinimumVisualStudioVersion = 10.0.40219.1
Project("{FAE04EC0-301F-11D3-BF4B-00C04F79EFBC}") = "Infinite.WebTech", "Infinite.WebTech\Infinite.WebTech.csproj", "{7174EFD8-389D-473A-9320-1B0462F0474F}"
EndProject
Global
	GlobalSection(SolutionConfigurationPlatforms) = preSolution
		Debug|Any CPU = Debug|Any CPU
		Release|Any CPU = Release|Any CPU
	EndGlobalSection
	GlobalSection(ProjectConfigurationPlatforms) = postSolution
		{7174EFD8-389D-473A-9320-1B0462F0474F}.Debug|Any CPU.ActiveCfg = Debug|Any CPU
		{7174EFD8-389D-473A-9320-1B0462F0474F}.Debug|Any CPU.Build.0 = Debug|Any CPU
		{7174EFD8-389D-473A-9320-1B0462F0474F}.Release|Any CPU.ActiveCfg = Release|Any CPU
		{7174EFD8-389D-473A-9320-1B0462F0474F}.Release|Any CPU.Build.0 = Release|Any CPU
	EndGlobalSection
	GlobalSection(SolutionProperties) = preSolution
		HideSolutionNode = FALSE
	EndGlobalSection
	GlobalSection(ExtensibilityGlobals) = postSolution
		SolutionGuid = {DAF29F8F-2C47-4993-AFD9-FC3D1194D67F}
	EndGlobalSection
EndGlobal
